
Microsoft Visual Studio Solution File, Format Version 12.00
# Visual Studio Version 16
VisualStudioVersion = 16.0.31702.278
MinimumVisualStudioVersion = 10.0.40219.1
Project("{FAE04EC0-301F-11D3-BF4B-00C04F79EFBC}") = "MVCClinica", "MVCClinica\MVCClinica.csproj", "{AB7DE6CC-45C6-45B8-80A6-92155BC5C7D0}"
EndProject
Global
	GlobalSection(SolutionConfigurationPlatforms) = preSolution
		Debug|Any CPU = Debug|Any CPU
		Release|Any CPU = Release|Any CPU
	EndGlobalSection
	GlobalSection(ProjectConfigurationPlatforms) = postSolution
		{AB7DE6CC-45C6-45B8-80A6-92155BC5C7D0}.Debug|Any CPU.ActiveCfg = Debug|Any CPU
		{AB7DE6CC-45C6-45B8-80A6-92155BC5C7D0}.Debug|Any CPU.Build.0 = Debug|Any CPU
		{AB7DE6CC-45C6-45B8-80A6-92155BC5C7D0}.Release|Any CPU.ActiveCfg = Release|Any CPU
		{AB7DE6CC-45C6-45B8-80A6-92155BC5C7D0}.Release|Any CPU.Build.0 = Release|Any CPU
	EndGlobalSection
	GlobalSection(SolutionProperties) = preSolution
		HideSolutionNode = FALSE
	EndGlobalSection
	GlobalSection(ExtensibilityGlobals) = postSolution
		SolutionGuid = {7FB2EC38-7AD2-4D60-B736-1ADA21B3A8A5}
	EndGlobalSection
EndGlobal
